
Microsoft Visual Studio Solution File, Format Version 12.00
# Visual Studio 15
VisualStudioVersion = 15.0.27703.2035
MinimumVisualStudioVersion = 10.0.40219.1
Project("{FAE04EC0-301F-11D3-BF4B-00C04F79EFBC}") = "ToDoEF", "ToDoEF\ToDoEF.csproj", "{42E19647-884E-4D10-9F64-B320098AB440}"
EndProject
Global
	GlobalSection(SolutionConfigurationPlatforms) = preSolution
		Debug|Any CPU = Debug|Any CPU
		Release|Any CPU = Release|Any CPU
	EndGlobalSection
	GlobalSection(ProjectConfigurationPlatforms) = postSolution
		{42E19647-884E-4D10-9F64-B320098AB440}.Debug|Any CPU.ActiveCfg = Debug|Any CPU
		{42E19647-884E-4D10-9F64-B320098AB440}.Debug|Any CPU.Build.0 = Debug|Any CPU
		{42E19647-884E-4D10-9F64-B320098AB440}.Release|Any CPU.ActiveCfg = Release|Any CPU
		{42E19647-884E-4D10-9F64-B320098AB440}.Release|Any CPU.Build.0 = Release|Any CPU
	EndGlobalSection
	GlobalSection(SolutionProperties) = preSolution
		HideSolutionNode = FALSE
	EndGlobalSection
	GlobalSection(ExtensibilityGlobals) = postSolution
		SolutionGuid = {1BDDAEA2-B86D-48BB-B14C-CC9338A84661}
	EndGlobalSection
EndGlobal
